// !$*UTF8*$!
{
	archiveVersion = 1;
	classes = {
	};
	objectVersion = 50;
	objects = {

/* Begin PBXBuildFile section */
		F726F05823A602CA00D65A54 /* AppDelegate.swift in Sources */ = {isa = PBXBuildFile; fileRef = F726F05723A602CA00D65A54 /* AppDelegate.swift */; };
		F726F05A23A602CA00D65A54 /* SceneDelegate.swift in Sources */ = {isa = PBXBuildFile; fileRef = F726F05923A602CA00D65A54 /* SceneDelegate.swift */; };
		F726F05C23A602CA00D65A54 /* ContentView.swift in Sources */ = {isa = PBXBuildFile; fileRef = F726F05B23A602CA00D65A54 /* ContentView.swift */; };
		F726F05E23A602CD00D65A54 /* Assets.xcassets in Resources */ = {isa = PBXBuildFile; fileRef = F726F05D23A602CD00D65A54 /* Assets.xcassets */; };
		F726F06123A602CD00D65A54 /* Preview Assets.xcassets in Resources */ = {isa = PBXBuildFile; fileRef = F726F06023A602CD00D65A54 /* Preview Assets.xcassets */; };
		F726F06423A602CD00D65A54 /* LaunchScreen.storyboard in Resources */ = {isa = PBXBuildFile; fileRef = F726F06223A602CD00D65A54 /* LaunchScreen.storyboard */; };
/* End PBXBuildFile section */

/* Begin PBXFileReference section */
		F726F05423A602CA00D65A54 /* VoiceCalc.app */ = {isa = PBXFileReference; explicitFileType = wrapper.application; includeInIndex = 0; path = VoiceCalc.app; sourceTree = BUILT_PRODUCTS_DIR; };
		F726F05723A602CA00D65A54 /* AppDelegate.swift */ = {isa = PBXFileReference; lastKnownFileType = sourcecode.swift; path = AppDelegate.swift; sourceTree = "<group>"; };
		F726F05923A602CA00D65A54 /* SceneDelegate.swift */ = {isa = PBXFileReference; lastKnownFileType = sourcecode.swift; path = SceneDelegate.swift; sourceTree = "<group>"; };
		F726F05B23A602CA00D65A54 /* ContentView.swift */ = {isa = PBXFileReference; lastKnownFileType = sourcecode.swift; path = ContentView.swift; sourceTree = "<group>"; };
		F726F05D23A602CD00D65A54 /* Assets.xcassets */ = {isa = PBXFileReference; lastKnownFileType = folder.assetcatalog; path = Assets.xcassets; sourceTree = "<group>"; };
		F726F06023A602CD00D65A54 /* Preview Assets.xcassets */ = {isa = PBXFileReference; lastKnownFileType = folder.assetcatalog; path = "Preview Assets.xcassets"; sourceTree = "<group>"; };
		F726F06323A602CD00D65A54 /* Base */ = {isa = PBXFileReference; lastKnownFileType = file.storyboard; name = Base; path = Base.lproj/LaunchScreen.storyboard; sourceTree = "<group>"; };
		F726F06523A602CD00D65A54 /* Info.plist */ = {isa = PBXFileReference; lastKnownFileType = text.plist.xml; path = Info.plist; sourceTree = "<group>"; };
/* End PBXFileReference section */

/* Begin PBXFrameworksBuildPhase section */
		F726F05123A602CA00D65A54 /* Frameworks */ = {
			isa = PBXFrameworksBuildPhase;
			buildActionMask = 2147483647;
			files = (
			);
			runOnlyForDeploymentPostprocessing = 0;
		};
/* End PBXFrameworksBuildPhase section */

/* Begin PBXGroup section */
		F726F04B23A602CA00D65A54 = {
			isa = PBXGroup;
			children = (
				F726F05623A602CA00D65A54 /* VoiceCalc */,
				F726F05523A602CA00D65A54 /* Products */,
			);
			sourceTree = "<group>";
		};
		F726F05523A602CA00D65A54 /* Products */ = {
			isa = PBXGroup;
			children = (
				F726F05423A602CA00D65A54 /* VoiceCalc.app */,
			);
			name = Products;
			sourceTree = "<group>";
		};
		F726F05623A602CA00D65A54 /* VoiceCalc */ = {
			isa = PBXGroup;
			children = (
				F726F05723A602CA00D65A54 /* AppDelegate.swift */,
				F726F05923A602CA00D65A54 /* SceneDelegate.swift */,
				F726F05B23A602CA00D65A54 /* ContentView.swift */,
				F726F05D23A602CD00D65A54 /* Assets.xcassets */,
				F726F06223A602CD00D65A54 /* LaunchScreen.storyboard */,
				F726F06523A602CD00D65A54 /* Info.plist */,
				F726F05F23A602CD00D65A54 /* Preview Content */,
			);
			path = VoiceCalc;
			sourceTree = "<group>";
		};
		F726F05F23A602CD00D65A54 /* Preview Content */ = {
			isa = PBXGroup;
			children = (
				F726F06023A602CD00D65A54 /* Preview Assets.xcassets */,
			);
			path = "Preview Content";
			sourceTree = "<group>";
		};
/* End PBXGroup section */

/* Begin PBXNativeTarget section */
		F726F05323A602CA00D65A54 /* VoiceCalc */ = {
			isa = PBXNativeTarget;
			buildConfigurationList = F726F06823A602CD00D65A54 /* Build configuration list for PBXNativeTarget "VoiceCalc" */;
			buildPhases = (
				F726F05023A602CA00D65A54 /* Sources */,
				F726F05123A602CA00D65A54 /* Frameworks */,
				F726F05223A602CA00D65A54 /* Resources */,
			);
			buildRules = (
			);
			dependencies = (
			);
			name = VoiceCalc;
			productName = VoiceCalc;
			productReference = F726F05423A602CA00D65A54 /* VoiceCalc.app */;
			productType = "com.apple.product-type.application";
		};
/* End PBXNativeTarget section */

/* Begin PBXProject section */
		F726F04C23A602CA00D65A54 /* Project object */ = {
			isa = PBXProject;
			attributes = {
				LastSwiftUpdateCheck = 1130;
				LastUpgradeCheck = 1130;
				ORGANIZATIONNAME = "Вячеслав Пуханов";
				TargetAttributes = {
					F726F05323A602CA00D65A54 = {
						CreatedOnToolsVersion = 11.3;
					};
				};
			};
			buildConfigurationList = F726F04F23A602CA00D65A54 /* Build configuration list for PBXProject "VoiceCalc" */;
			compatibilityVersion = "Xcode 9.3";
			developmentRegion = en;
			hasScannedForEncodings = 0;
			knownRegions = (
				en,
				Base,
			);
			mainGroup = F726F04B23A602CA00D65A54;
			productRefGroup = F726F05523A602CA00D65A54 /* Products */;
			projectDirPath = "";
			projectRoot = "";
			targets = (
				F726F05323A602CA00D65A54 /* VoiceCalc */,
			);
		};
/* End PBXProject section */

/* Begin PBXResourcesBuildPhase section */
		F726F05223A602CA00D65A54 /* Resources */ = {
			isa = PBXResourcesBuildPhase;
			buildActionMask = 2147483647;
			files = (
				F726F06423A602CD00D65A54 /* LaunchScreen.storyboard in Resources */,
				F726F06123A602CD00D65A54 /* Preview Assets.xcassets in Resources */,
				F726F05E23A602CD00D65A54 /* Assets.xcassets in Resources */,
			);
			runOnlyForDeploymentPostprocessing = 0;
		};
/* End PBXResourcesBuildPhase section */

/* Begin PBXSourcesBuildPhase section */
		F726F05023A602CA00D65A54 /* Sources */ = {
			isa = PBXSourcesBuildPhase;
			buildActionMask = 2147483647;
			files = (
				F726F05823A602CA00D65A54 /* AppDelegate.swift in Sources */,
				F726F05A23A602CA00D65A54 /* SceneDelegate.swift in Sources */,
				F726F05C23A602CA00D65A54 /* ContentView.swift in Sources */,
			);
			runOnlyForDeploymentPostprocessing = 0;
		};
/* End PBXSourcesBuildPhase section */

/* Begin PBXVariantGroup section */
		F726F06223A602CD00D65A54 /* LaunchScreen.storyboard */ = {
			isa = PBXVariantGroup;
			children = (
				F726F06323A602CD00D65A54 /* Base */,
			);
			name = LaunchScreen.storyboard;
			sourceTree = "<group>";
		};
/* End PBXVariantGroup section */

/* Begin XCBuildConfiguration section */
		F726F06623A602CD00D65A54 /* Debug */ = {
			isa = XCBuildConfiguration;
			buildSettings = {
				ALWAYS_SEARCH_USER_PATHS = NO;
				CLANG_ANALYZER_NONNULL = YES;
				CLANG_ANALYZER_NUMBER_OBJECT_CONVERSION = YES_AGGRESSIVE;
				CLANG_CXX_LANGUAGE_STANDARD = "gnu++14";
				CLANG_CXX_LIBRARY = "libc++";
				CLANG_ENABLE_MODULES = YES;
				CLANG_ENABLE_OBJC_ARC = YES;
				CLANG_ENABLE_OBJC_WEAK = YES;
				CLANG_WARN_BLOCK_CAPTURE_AUTORELEASING = YES;
				CLANG_WARN_BOOL_CONVERSION = YES;
				CLANG_WARN_COMMA = YES;
				CLANG_WARN_CONSTANT_CONVERSION = YES;
				CLANG_WARN_DEPRECATED_OBJC_IMPLEMENTATIONS = YES;
				CLANG_WARN_DIRECT_OBJC_ISA_USAGE = YES_ERROR;
				CLANG_WARN_DOCUMENTATION_COMMENTS = YES;
				CLANG_WARN_EMPTY_BODY = YES;
				CLANG_WARN_ENUM_CONVERSION = YES;
				CLANG_WARN_INFINITE_RECURSION = YES;
				CLANG_WARN_INT_CONVERSION = YES;
				CLANG_WARN_NON_LITERAL_NULL_CONVERSION = YES;
				CLANG_WARN_OBJC_IMPLICIT_RETAIN_SELF = YES;
				CLANG_WARN_OBJC_LITERAL_CONVERSION = YES;
				CLANG_WARN_OBJC_ROOT_CLASS = YES_ERROR;
				CLANG_WARN_RANGE_LOOP_ANALYSIS = YES;
				CLANG_WARN_STRICT_PROTOTYPES = YES;
				CLANG_WARN_SUSPICIOUS_MOVE = YES;
				CLANG_WARN_UNGUARDED_AVAILABILITY = YES_AGGRESSIVE;
				CLANG_WARN_UNREACHABLE_CODE = YES;
				CLANG_WARN__DUPLICATE_METHOD_MATCH = YES;
				COPY_PHASE_STRIP = NO;
				DEBUG_INFORMATION_FORMAT = dwarf;
				ENABLE_STRICT_OBJC_MSGSEND = YES;
				ENABLE_TESTABILITY = YES;
				GCC_C_LANGUAGE_STANDARD = gnu11;
				GCC_DYNAMIC_NO_PIC = NO;
				GCC_NO_COMMON_BLOCKS = YES;
				GCC_OPTIMIZATION_LEVEL = 0;
				GCC_PREPROCESSOR_DEFINITIONS = (
					"DEBUG=1",
					"$(inherited)",
				);
				GCC_WARN_64_TO_32_BIT_CONVERSION = YES;
				GCC_WARN_ABOUT_RETURN_TYPE = YES_ERROR;
				GCC_WARN_UNDECLARED_SELECTOR = YES;
				GCC_WARN_UNINITIALIZED_AUTOS = YES_AGGRESSIVE;
				GCC_WARN_UNUSED_FUNCTION = YES;
				GCC_WARN_UNUSED_VARIABLE = YES;
				IPHONEOS_DEPLOYMENT_TARGET = 13.2;
				MTL_ENABLE_DEBUG_INFO = INCLUDE_SOURCE;
				MTL_FAST_MATH = YES;
				ONLY_ACTIVE_ARCH = YES;
				SDKROOT = iphoneos;
				SWIFT_ACTIVE_COMPILATION_CONDITIONS = DEBUG;
				SWIFT_OPTIMIZATION_LEVEL = "-Onone";
			};
			name = Debug;
		};
		F726F06723A602CD00D65A54 /* Release */ = {
			isa = XCBuildConfiguration;
			buildSettings = {
				ALWAYS_SEARCH_USER_PATHS = NO;
				CLANG_ANALYZER_NONNULL = YES;
				CLANG_ANALYZER_NUMBER_OBJECT_CONVERSION = YES_AGGRESSIVE;
				CLANG_CXX_LANGUAGE_STANDARD = "gnu++14";
				CLANG_CXX_LIBRARY = "libc++";
				CLANG_ENABLE_MODULES = YES;
				CLANG_ENABLE_OBJC_ARC = YES;
				CLANG_ENABLE_OBJC_WEAK = YES;
				CLANG_WARN_BLOCK_CAPTURE_AUTORELEASING = YES;
				CLANG_WARN_BOOL_CONVERSION = YES;
				CLANG_WARN_COMMA = YES;
				CLANG_WARN_CONSTANT_CONVERSION = YES;
				CLANG_WARN_DEPRECATED_OBJC_IMPLEMENTATIONS = YES;
				CLANG_WARN_DIRECT_OBJC_ISA_USAGE = YES_ERROR;
				CLANG_WARN_DOCUMENTATION_COMMENTS = YES;
				CLANG_WARN_EMPTY_BODY = YES;
				CLANG_WARN_ENUM_CONVERSION = YES;
				CLANG_WARN_INFINITE_RECURSION = YES;
				CLANG_WARN_INT_CONVERSION = YES;
				CLANG_WARN_NON_LITERAL_NULL_CONVERSION = YES;
				CLANG_WARN_OBJC_IMPLICIT_RETAIN_SELF = YES;
				CLANG_WARN_OBJC_LITERAL_CONVERSION = YES;
				CLANG_WARN_OBJC_ROOT_CLASS = YES_ERROR;
				CLANG_WARN_RANGE_LOOP_ANALYSIS = YES;
				CLANG_WARN_STRICT_PROTOTYPES = YES;
				CLANG_WARN_SUSPICIOUS_MOVE = YES;
				CLANG_WARN_UNGUARDED_AVAILABILITY = YES_AGGRESSIVE;
				CLANG_WARN_UNREACHABLE_CODE = YES;
				CLANG_WARN__DUPLICATE_METHOD_MATCH = YES;
				COPY_PHASE_STRIP = NO;
				DEBUG_INFORMATION_FORMAT = "dwarf-with-dsym";
				ENABLE_NS_ASSERTIONS = NO;
				ENABLE_STRICT_OBJC_MSGSEND = YES;
				GCC_C_LANGUAGE_STANDARD = gnu11;
				GCC_NO_COMMON_BLOCKS = YES;
				GCC_WARN_64_TO_32_BIT_CONVERSION = YES;
				GCC_WARN_ABOUT_RETURN_TYPE = YES_ERROR;
				GCC_WARN_UNDECLARED_SELECTOR = YES;
				GCC_WARN_UNINITIALIZED_AUTOS = YES_AGGRESSIVE;
				GCC_WARN_UNUSED_FUNCTION = YES;
				GCC_WARN_UNUSED_VARIABLE = YES;
				IPHONEOS_DEPLOYMENT_TARGET = 13.2;
				MTL_ENABLE_DEBUG_INFO = NO;
				MTL_FAST_MATH = YES;
				SDKROOT = iphoneos;
				SWIFT_COMPILATION_MODE = wholemodule;
				SWIFT_OPTIMIZATION_LEVEL = "-O";
				VALIDATE_PRODUCT = YES;
			};
			name = Release;
		};
		F726F06923A602CD00D65A54 /* Debug */ = {
			isa = XCBuildConfiguration;
			buildSettings = {
				ASSETCATALOG_COMPILER_APPICON_NAME = AppIcon;
				CODE_SIGN_STYLE = Automatic;
				DEVELOPMENT_ASSET_PATHS = "\"VoiceCalc/Preview Content\"";
				DEVELOPMENT_TEAM = BFJQQT3YDX;
				ENABLE_PREVIEWS = YES;
				INFOPLIST_FILE = VoiceCalc/Info.plist;
				LD_RUNPATH_SEARCH_PATHS = (
					"$(inherited)",
					"@executable_path/Frameworks",
				);
				PRODUCT_BUNDLE_IDENTIFIER = ru.pukhanov.VoiceCalc;
				PRODUCT_NAME = "$(TARGET_NAME)";
				SWIFT_VERSION = 5.0;
				TARGETED_DEVICE_FAMILY = "1,2";
			};
			name = Debug;
		};
		F726F06A23A602CD00D65A54 /* Release */ = {
			isa = XCBuildConfiguration;
			buildSettings = {
				ASSETCATALOG_COMPILER_APPICON_NAME = AppIcon;
				CODE_SIGN_STYLE = Automatic;
				DEVELOPMENT_ASSET_PATHS = "\"VoiceCalc/Preview Content\"";
				DEVELOPMENT_TEAM = BFJQQT3YDX;
				ENABLE_PREVIEWS = YES;
				INFOPLIST_FILE = VoiceCalc/Info.plist;
				LD_RUNPATH_SEARCH_PATHS = (
					"$(inherited)",
					"@executable_path/Frameworks",
				);
				PRODUCT_BUNDLE_IDENTIFIER = ru.pukhanov.VoiceCalc;
				PRODUCT_NAME = "$(TARGET_NAME)";
				SWIFT_VERSION = 5.0;
				TARGETED_DEVICE_FAMILY = "1,2";
			};
			name = Release;
		};
/* End XCBuildConfiguration section */

/* Begin XCConfigurationList section */
		F726F04F23A602CA00D65A54 /* Build configuration list for PBXProject "VoiceCalc" */ = {
			isa = XCConfigurationList;
			buildConfigurations = (
				F726F06623A602CD00D65A54 /* Debug */,
				F726F06723A602CD00D65A54 /* Release */,
			);
			defaultConfigurationIsVisible = 0;
			defaultConfigurationName = Release;
		};
		F726F06823A602CD00D65A54 /* Build configuration list for PBXNativeTarget "VoiceCalc" */ = {
			isa = XCConfigurationList;
			buildConfigurations = (
				F726F06923A602CD00D65A54 /* Debug */,
				F726F06A23A602CD00D65A54 /* Release */,
			);
			defaultConfigurationIsVisible = 0;
			defaultConfigurationName = Release;
		};
/* End XCConfigurationList section */
	};
	rootObject = F726F04C23A602CA00D65A54 /* Project object */;
}
